{
  "name": "account-statement-mapper",
  "version": "1.0.0",
  "lockfileVersion": 3,
  "requires": true,
  "packages": {
    "": {
      "name": "account-statement-mapper",
      "version": "1.0.0",
      "license": "ISC",
      "dependencies": {
        "@types/moment": "^2.13.0",
        "@types/moment-timezone": "^0.5.30",
        "@types/papaparse": "^5.3.8",
        "lodash": "^4.17.21",
        "moment": "^2.29.4",
        "moment-timezone": "^0.5.43",
        "papaparse": "^5.4.1"
      },
      "devDependencies": {
        "@types/lodash": "^4.14.197",
        "@types/node": "^20.5.9",
        "typescript": "^5.2.2"
      }
    },
    "node_modules/@types/lodash": {
      "version": "4.14.197",
      "resolved": "https://registry.npmjs.org/@types/lodash/-/lodash-4.14.197.tgz",
      "integrity": "sha512-BMVOiWs0uNxHVlHBgzTIqJYmj+PgCo4euloGF+5m4okL3rEYzM2EEv78mw8zWSMM57dM7kVIgJ2QDvwHSoCI5g==",
      "dev": true
    },
    "node_modules/@types/moment": {
      "version": "2.13.0",
      "resolved": "https://registry.npmjs.org/@types/moment/-/moment-2.13.0.tgz",
      "integrity": "sha512-DyuyYGpV6r+4Z1bUznLi/Y7HpGn4iQ4IVcGn8zrr1P4KotKLdH0sbK1TFR6RGyX6B+G8u83wCzL+bpawKU/hdQ==",
      "deprecated": "This is a stub types definition for Moment (https://github.com/moment/moment). Moment provides its own type definitions, so you don't need @types/moment installed!",
      "dependencies": {
        "moment": "*"
      }
    },
    "node_modules/@types/moment-timezone": {
      "version": "0.5.30",
      "resolved": "https://registry.npmjs.org/@types/moment-timezone/-/moment-timezone-0.5.30.tgz",
      "integrity": "sha512-aDVfCsjYnAQaV/E9Qc24C5Njx1CoDjXsEgkxtp9NyXDpYu4CCbmclb6QhWloS9UTU/8YROUEEdEkWI0D7DxnKg==",
      "deprecated": "This is a stub types definition. moment-timezone provides its own type definitions, so you do not need this installed.",
      "dependencies": {
        "moment-timezone": "*"
      }
    },
    "node_modules/@types/node": {
      "version": "20.5.9",
      "resolved": "https://registry.npmjs.org/@types/node/-/node-20.5.9.tgz",
      "integrity": "sha512-PcGNd//40kHAS3sTlzKB9C9XL4K0sTup8nbG5lC14kzEteTNuAFh9u5nA0o5TWnSG2r/JNPRXFVcHJIIeRlmqQ=="
    },
    "node_modules/@types/papaparse": {
      "version": "5.3.8",
      "resolved": "https://registry.npmjs.org/@types/papaparse/-/papaparse-5.3.8.tgz",
      "integrity": "sha512-ArKIEOOWULbhi53wkAiRy1ze4wvrTfhpAj7Yfzva+EkmX2sV8PpFB+xqzJfzXNzK4me95FJH9QZt5NXFVGzOoQ==",
      "dependencies": {
        "@types/node": "*"
      }
    },
    "node_modules/lodash": {
      "version": "4.17.21",
      "resolved": "https://registry.npmjs.org/lodash/-/lodash-4.17.21.tgz",
      "integrity": "sha512-v2kDEe57lecTulaDIuNTPy3Ry4gLGJ6Z1O3vE1krgXZNrsQ+LFTGHVxVjcXPs17LhbZVGedAJv8XZ1tvj5FvSg=="
    },
    "node_modules/moment": {
      "version": "2.29.4",
      "resolved": "https://registry.npmjs.org/moment/-/moment-2.29.4.tgz",
      "integrity": "sha512-5LC9SOxjSc2HF6vO2CyuTDNivEdoz2IvyJJGj6X8DJ0eFyfszE0QiEd+iXmBvUP3WHxSjFH/vIsA0EN00cgr8w==",
      "engines": {
        "node": "*"
      }
    },
    "node_modules/moment-timezone": {
      "version": "0.5.43",
      "resolved": "https://registry.npmjs.org/moment-timezone/-/moment-timezone-0.5.43.tgz",
      "integrity": "sha512-72j3aNyuIsDxdF1i7CEgV2FfxM1r6aaqJyLB2vwb33mXYyoyLly+F1zbWqhA3/bVIoJ4szlUoMbUnVdid32NUQ==",
      "dependencies": {
        "moment": "^2.29.4"
      },
      "engines": {
        "node": "*"
      }
    },
    "node_modules/papaparse": {
      "version": "5.4.1",
      "resolved": "https://registry.npmjs.org/papaparse/-/papaparse-5.4.1.tgz",
      "integrity": "sha512-HipMsgJkZu8br23pW15uvo6sib6wne/4woLZPlFf3rpDyMe9ywEXUsuD7+6K9PRkJlVT51j/sCOYDKGGS3ZJrw=="
    },
    "node_modules/typescript": {
      "version": "5.2.2",
      "resolved": "https://registry.npmjs.org/typescript/-/typescript-5.2.2.tgz",
      "integrity": "sha512-mI4WrpHsbCIcwT9cF4FZvr80QUeKvsUsUvKDoR+X/7XHQH98xYD8YHZg7ANtz2GtZt/CBq2QJ0thkGJMHfqc1w==",
      "dev": true,
      "bin": {
        "tsc": "bin/tsc",
        "tsserver": "bin/tsserver"
      },
      "engines": {
        "node": ">=14.17"
      }
    }
  }
}
